
Microsoft Visual Studio Solution File, Format Version 12.00
# Visual Studio Version 17
VisualStudioVersion = 17.14.37216.2 d17.14
MinimumVisualStudioVersion = 10.0.40219.1
Project("{FAE04EC0-301F-11D3-BF4B-00C04F79EFBC}") = "CloudMVCApplication", "CloudMVCApplication\CloudMVCApplication.csproj", "{9DAF4E52-435B-43D5-A0E9-F8218AEAF2CC}"
EndProject
Global
	GlobalSection(SolutionConfigurationPlatforms) = preSolution
		Debug|Any CPU = Debug|Any CPU
		Release|Any CPU = Release|Any CPU
	EndGlobalSection
	GlobalSection(ProjectConfigurationPlatforms) = postSolution
		{9DAF4E52-435B-43D5-A0E9-F8218AEAF2CC}.Debug|Any CPU.ActiveCfg = Debug|Any CPU
		{9DAF4E52-435B-43D5-A0E9-F8218AEAF2CC}.Debug|Any CPU.Build.0 = Debug|Any CPU
		{9DAF4E52-435B-43D5-A0E9-F8218AEAF2CC}.Release|Any CPU.ActiveCfg = Release|Any CPU
		{9DAF4E52-435B-43D5-A0E9-F8218AEAF2CC}.Release|Any CPU.Build.0 = Release|Any CPU
	EndGlobalSection
	GlobalSection(SolutionProperties) = preSolution
		HideSolutionNode = FALSE
	EndGlobalSection
	GlobalSection(ExtensibilityGlobals) = postSolution
		SolutionGuid = {6D5E866E-72A1-4593-8EC0-F331A98DABFC}
	EndGlobalSection
EndGlobal
